
Microsoft Visual Studio Solution File, Format Version 12.00
# Visual Studio 15
VisualStudioVersion = 15.0.28307.1022
MinimumVisualStudioVersion = 10.0.40219.1
Project("{FAE04EC0-301F-11D3-BF4B-00C04F79EFBC}") = "WindowsFormsApp1", "WindowsFormsApp1\WindowsFormsApp1.csproj", "{1D830556-3CB5-49B3-B2DD-31C37A8161C1}"
EndProject
Project("{FAE04EC0-301F-11D3-BF4B-00C04F79EFBC}") = "ClassLibrary1", "ClassLibrary1\ClassLibrary1.csproj", "{E94DD0C1-8689-4812-A170-8763706D5196}"
EndProject
Project("{FAE04EC0-301F-11D3-BF4B-00C04F79EFBC}") = "UnitTestProject1", "UnitTestProject1\UnitTestProject1.csproj", "{542C6D7D-75F1-468E-BADF-3822FAD18159}"
EndProject
Global
	GlobalSection(SolutionConfigurationPlatforms) = preSolution
		Debug|Any CPU = Debug|Any CPU
		Release|Any CPU = Release|Any CPU
	EndGlobalSection
	GlobalSection(ProjectConfigurationPlatforms) = postSolution
		{1D830556-3CB5-49B3-B2DD-31C37A8161C1}.Debug|Any CPU.ActiveCfg = Debug|Any CPU
		{1D830556-3CB5-49B3-B2DD-31C37A8161C1}.Debug|Any CPU.Build.0 = Debug|Any CPU
		{1D830556-3CB5-49B3-B2DD-31C37A8161C1}.Release|Any CPU.ActiveCfg = Release|Any CPU
		{1D830556-3CB5-49B3-B2DD-31C37A8161C1}.Release|Any CPU.Build.0 = Release|Any CPU
		{E94DD0C1-8689-4812-A170-8763706D5196}.Debug|Any CPU.ActiveCfg = Debug|Any CPU
		{E94DD0C1-8689-4812-A170-8763706D5196}.Debug|Any CPU.Build.0 = Debug|Any CPU
		{E94DD0C1-8689-4812-A170-8763706D5196}.Release|Any CPU.ActiveCfg = Release|Any CPU
		{E94DD0C1-8689-4812-A170-8763706D5196}.Release|Any CPU.Build.0 = Release|Any CPU
		{542C6D7D-75F1-468E-BADF-3822FAD18159}.Debug|Any CPU.ActiveCfg = Debug|Any CPU
		{542C6D7D-75F1-468E-BADF-3822FAD18159}.Debug|Any CPU.Build.0 = Debug|Any CPU
		{542C6D7D-75F1-468E-BADF-3822FAD18159}.Release|Any CPU.ActiveCfg = Release|Any CPU
		{542C6D7D-75F1-468E-BADF-3822FAD18159}.Release|Any CPU.Build.0 = Release|Any CPU
	EndGlobalSection
	GlobalSection(SolutionProperties) = preSolution
		HideSolutionNode = FALSE
	EndGlobalSection
	GlobalSection(ExtensibilityGlobals) = postSolution
		SolutionGuid = {BD21BE56-3E9E-4435-8E1F-15D139F386ED}
	EndGlobalSection
EndGlobal
